PODS:
  - abseil/algorithm (0.20200225.0):
    - abseil/algorithm/algorithm (= 0.20200225.0)
    - abseil/algorithm/container (= 0.20200225.0)
  - abseil/algorithm/algorithm (0.20200225.0):
    - abseil/base/config
  - abseil/algorithm/container (0.20200225.0):
    - abseil/algorithm/algorithm
    - abseil/base/core_headers
    - abseil/meta/type_traits
  - abseil/base (0.20200225.0):
    - abseil/base/atomic_hook (= 0.20200225.0)
    - abseil/base/base (= 0.20200225.0)
    - abseil/base/base_internal (= 0.20200225.0)
    - abseil/base/bits (= 0.20200225.0)
    - abseil/base/config (= 0.20200225.0)
    - abseil/base/core_headers (= 0.20200225.0)
    - abseil/base/dynamic_annotations (= 0.20200225.0)
    - abseil/base/endian (= 0.20200225.0)
    - abseil/base/errno_saver (= 0.20200225.0)
    - abseil/base/exponential_biased (= 0.20200225.0)
    - abseil/base/log_severity (= 0.20200225.0)
    - abseil/base/malloc_internal (= 0.20200225.0)
    - abseil/base/periodic_sampler (= 0.20200225.0)
    - abseil/base/pretty_function (= 0.20200225.0)
    - abseil/base/raw_logging_internal (= 0.20200225.0)
    - abseil/base/spinlock_wait (= 0.20200225.0)
    - abseil/base/throw_delegate (= 0.20200225.0)
  - abseil/base/atomic_hook (0.20200225.0):
    - abseil/base/config
    - abseil/base/core_headers
  - abseil/base/base (0.20200225.0):
    - abseil/base/atomic_hook
    - abseil/base/base_internal
    - abseil/base/config
    - abseil/base/core_headers
    - abseil/base/dynamic_annotations
    - abseil/base/log_severity
    - abseil/base/raw_logging_internal
    - abseil/base/spinlock_wait
    - abseil/meta/type_traits
  - abseil/base/base_internal (0.20200225.0):
    - abseil/base/config
    - abseil/meta/type_traits
  - abseil/base/bits (0.20200225.0):
    - abseil/base/config
    - abseil/base/core_headers
  - abseil/base/config (0.20200225.0)
  - abseil/base/core_headers (0.20200225.0):
    - abseil/base/config
  - abseil/base/dynamic_annotations (0.20200225.0)
  - abseil/base/endian (0.20200225.0):
    - abseil/base/config
    - abseil/base/core_headers
  - abseil/base/errno_saver (0.20200225.0):
    - abseil/base/config
  - abseil/base/exponential_biased (0.20200225.0):
    - abseil/base/config
    - abseil/base/core_headers
  - abseil/base/log_severity (0.20200225.0):
    - abseil/base/config
    - abseil/base/core_headers
  - abseil/base/malloc_internal (0.20200225.0):
    - abseil/base/base
    - abseil/base/base_internal
    - abseil/base/config
    - abseil/base/core_headers
    - abseil/base/dynamic_annotations
    - abseil/base/raw_logging_internal
  - abseil/base/periodic_sampler (0.20200225.0):
    - abseil/base/core_headers
    - abseil/base/exponential_biased
  - abseil/base/pretty_function (0.20200225.0)
  - abseil/base/raw_logging_internal (0.20200225.0):
    - abseil/base/atomic_hook
    - abseil/base/config
    - abseil/base/core_headers
    - abseil/base/log_severity
  - abseil/base/spinlock_wait (0.20200225.0):
    - abseil/base/base_internal
    - abseil/base/core_headers
    - abseil/base/errno_saver
  - abseil/base/throw_delegate (0.20200225.0):
    - abseil/base/config
    - abseil/base/raw_logging_internal
  - abseil/container/compressed_tuple (0.20200225.0):
    - abseil/utility/utility
  - abseil/container/inlined_vector (0.20200225.0):
    - abseil/algorithm/algorithm
    - abseil/base/core_headers
    - abseil/base/throw_delegate
    - abseil/container/inlined_vector_internal
    - abseil/memory/memory
  - abseil/container/inlined_vector_internal (0.20200225.0):
    - abseil/base/core_headers
    - abseil/container/compressed_tuple
    - abseil/memory/memory
    - abseil/meta/type_traits
    - abseil/types/span
  - abseil/memory (0.20200225.0):
    - abseil/memory/memory (= 0.20200225.0)
  - abseil/memory/memory (0.20200225.0):
    - abseil/base/core_headers
    - abseil/meta/type_traits
  - abseil/meta (0.20200225.0):
    - abseil/meta/type_traits (= 0.20200225.0)
  - abseil/meta/type_traits (0.20200225.0):
    - abseil/base/config
  - abseil/numeric/int128 (0.20200225.0):
    - abseil/base/config
    - abseil/base/core_headers
  - abseil/strings/internal (0.20200225.0):
    - abseil/base/config
    - abseil/base/core_headers
    - abseil/base/endian
    - abseil/base/raw_logging_internal
    - abseil/meta/type_traits
  - abseil/strings/str_format (0.20200225.0):
    - abseil/strings/str_format_internal
  - abseil/strings/str_format_internal (0.20200225.0):
    - abseil/base/config
    - abseil/base/core_headers
    - abseil/meta/type_traits
    - abseil/numeric/int128
    - abseil/strings/strings
    - abseil/types/span
  - abseil/strings/strings (0.20200225.0):
    - abseil/base/base
    - abseil/base/bits
    - abseil/base/config
    - abseil/base/core_headers
    - abseil/base/endian
    - abseil/base/raw_logging_internal
    - abseil/base/throw_delegate
    - abseil/memory/memory
    - abseil/meta/type_traits
    - abseil/numeric/int128
    - abseil/strings/internal
  - abseil/time (0.20200225.0):
    - abseil/time/internal (= 0.20200225.0)
    - abseil/time/time (= 0.20200225.0)
  - abseil/time/internal (0.20200225.0):
    - abseil/time/internal/cctz (= 0.20200225.0)
  - abseil/time/internal/cctz (0.20200225.0):
    - abseil/time/internal/cctz/civil_time (= 0.20200225.0)
    - abseil/time/internal/cctz/time_zone (= 0.20200225.0)
  - abseil/time/internal/cctz/civil_time (0.20200225.0):
    - abseil/base/config
  - abseil/time/internal/cctz/time_zone (0.20200225.0):
    - abseil/base/config
    - abseil/time/internal/cctz/civil_time
  - abseil/time/time (0.20200225.0):
    - abseil/base/base
    - abseil/base/core_headers
    - abseil/base/raw_logging_internal
    - abseil/numeric/int128
    - abseil/strings/strings
    - abseil/time/internal/cctz/civil_time
    - abseil/time/internal/cctz/time_zone
  - abseil/types (0.20200225.0):
    - abseil/types/any (= 0.20200225.0)
    - abseil/types/bad_any_cast (= 0.20200225.0)
    - abseil/types/bad_any_cast_impl (= 0.20200225.0)
    - abseil/types/bad_optional_access (= 0.20200225.0)
    - abseil/types/bad_variant_access (= 0.20200225.0)
    - abseil/types/compare (= 0.20200225.0)
    - abseil/types/optional (= 0.20200225.0)
    - abseil/types/span (= 0.20200225.0)
    - abseil/types/variant (= 0.20200225.0)
  - abseil/types/any (0.20200225.0):
    - abseil/base/config
    - abseil/base/core_headers
    - abseil/meta/type_traits
    - abseil/types/bad_any_cast
    - abseil/utility/utility
  - abseil/types/bad_any_cast (0.20200225.0):
    - abseil/base/config
    - abseil/types/bad_any_cast_impl
  - abseil/types/bad_any_cast_impl (0.20200225.0):
    - abseil/base/config
    - abseil/base/raw_logging_internal
  - abseil/types/bad_optional_access (0.20200225.0):
    - abseil/base/config
    - abseil/base/raw_logging_internal
  - abseil/types/bad_variant_access (0.20200225.0):
    - abseil/base/config
    - abseil/base/raw_logging_internal
  - abseil/types/compare (0.20200225.0):
    - abseil/base/core_headers
    - abseil/meta/type_traits
  - abseil/types/optional (0.20200225.0):
    - abseil/base/base_internal
    - abseil/base/config
    - abseil/base/core_headers
    - abseil/memory/memory
    - abseil/meta/type_traits
    - abseil/types/bad_optional_access
    - abseil/utility/utility
  - abseil/types/span (0.20200225.0):
    - abseil/algorithm/algorithm
    - abseil/base/core_headers
    - abseil/base/throw_delegate
    - abseil/meta/type_traits
  - abseil/types/variant (0.20200225.0):
    - abseil/base/base_internal
    - abseil/base/config
    - abseil/base/core_headers
    - abseil/meta/type_traits
    - abseil/types/bad_variant_access
    - abseil/utility/utility
  - abseil/utility/utility (0.20200225.0):
    - abseil/base/base_internal
    - abseil/base/config
    - abseil/meta/type_traits
  - boost (1.76.0)
  - BoringSSL-GRPC (0.0.7):
    - BoringSSL-GRPC/Implementation (= 0.0.7)
    - BoringSSL-GRPC/Interface (= 0.0.7)
  - BoringSSL-GRPC/Implementation (0.0.7):
    - BoringSSL-GRPC/Interface (= 0.0.7)
  - BoringSSL-GRPC/Interface (0.0.7)
  - DoubleConversion (1.1.6)
  - FBLazyVector (0.66.5)
  - FBReactNativeSpec (0.66.5):
    - RCT-Folly (= 2021.06.28.00-v2)
    - RCTRequired (= 0.66.5)
    - RCTTypeSafety (= 0.66.5)
    - React-Core (= 0.66.5)
    - React-jsi (= 0.66.5)
    - ReactCommon/turbomodule/core (= 0.66.5)
  - Firebase/Auth (8.4.0):
    - Firebase/CoreOnly
    - FirebaseAuth (~> 8.4.0)
  - Firebase/Core (8.4.0):
    - Firebase/CoreOnly
    - FirebaseAnalytics (~> 8.4.0)
  - Firebase/CoreOnly (8.4.0):
    - FirebaseCore (= 8.4.0)
  - Firebase/Database (8.4.0):
    - Firebase/CoreOnly
    - FirebaseDatabase (~> 8.4.0)
  - Firebase/Firestore (8.4.0):
    - Firebase/CoreOnly
    - FirebaseFirestore (~> 8.4.0)
  - Firebase/Functions (8.4.0):
    - Firebase/CoreOnly
    - FirebaseFunctions (~> 8.4.0)
  - Firebase/Storage (8.4.0):
    - Firebase/CoreOnly
    - FirebaseStorage (~> 8.4.0)
  - FirebaseAnalytics (8.4.0):
    - FirebaseAnalytics/AdIdSupport (= 8.4.0)
    - FirebaseCore (~> 8.0)
    - FirebaseInstallations (~> 8.0)
    - GoogleUtilities/AppDelegateSwizzler (~> 7.4)
    - GoogleUtilities/MethodSwizzler (~> 7.4)
    - GoogleUtilities/Network (~> 7.4)
    - "GoogleUtilities/NSData+zlib (~> 7.4)"
    - nanopb (~> 2.30908.0)
  - FirebaseAnalytics/AdIdSupport (8.4.0):
    - FirebaseCore (~> 8.0)
    - FirebaseInstallations (~> 8.0)
    - GoogleAppMeasurement (= 8.4.0)
    - GoogleUtilities/AppDelegateSwizzler (~> 7.4)
    - GoogleUtilities/MethodSwizzler (~> 7.4)
    - GoogleUtilities/Network (~> 7.4)
    - "GoogleUtilities/NSData+zlib (~> 7.4)"
    - nanopb (~> 2.30908.0)
  - FirebaseAuth (8.4.0):
    - FirebaseCore (~> 8.0)
    - GoogleUtilities/AppDelegateSwizzler (~> 7.4)
    - GoogleUtilities/Environment (~> 7.4)
    - GTMSessionFetcher/Core (~> 1.5)
  - FirebaseCore (8.4.0):
    - FirebaseCoreDiagnostics (~> 8.0)
    - GoogleUtilities/Environment (~> 7.4)
    - GoogleUtilities/Logger (~> 7.4)
  - FirebaseCoreDiagnostics (8.15.0):
    - GoogleDataTransport (~> 9.1)
    - GoogleUtilities/Environment (~> 7.7)
    - GoogleUtilities/Logger (~> 7.7)
    - nanopb (~> 2.30908.0)
  - FirebaseDatabase (8.4.0):
    - FirebaseCore (~> 8.0)
    - leveldb-library (~> 1.22)
  - FirebaseFirestore (8.4.0):
    - abseil/algorithm (= 0.20200225.0)
    - abseil/base (= 0.20200225.0)
    - abseil/memory (= 0.20200225.0)
    - abseil/meta (= 0.20200225.0)
    - abseil/strings/strings (= 0.20200225.0)
    - abseil/time (= 0.20200225.0)
    - abseil/types (= 0.20200225.0)
    - FirebaseCore (~> 8.0)
    - "gRPC-C++ (~> 1.28.0)"
    - leveldb-library (~> 1.22)
    - nanopb (~> 2.30908.0)
  - FirebaseFunctions (8.4.0):
    - FirebaseCore (~> 8.0)
    - GTMSessionFetcher/Core (~> 1.5)
  - FirebaseInstallations (8.15.0):
    - FirebaseCore (~> 8.0)
    - GoogleUtilities/Environment (~> 7.7)
    - GoogleUtilities/UserDefaults (~> 7.7)
    - PromisesObjC (< 3.0, >= 1.2)
  - FirebaseStorage (8.4.0):
    - FirebaseCore (~> 8.0)
    - GTMSessionFetcher/Core (~> 1.5)
  - fmt (6.2.1)
  - glog (0.3.5)
  - GoogleAppMeasurement (8.4.0):
    - GoogleAppMeasurement/AdIdSupport (= 8.4.0)
    - GoogleUtilities/AppDelegateSwizzler (~> 7.4)
    - GoogleUtilities/MethodSwizzler (~> 7.4)
    - GoogleUtilities/Network (~> 7.4)
    - "GoogleUtilities/NSData+zlib (~> 7.4)"
    - nanopb (~> 2.30908.0)
  - GoogleAppMeasurement/AdIdSupport (8.4.0):
    - GoogleUtilities/AppDelegateSwizzler (~> 7.4)
    - GoogleUtilities/MethodSwizzler (~> 7.4)
    - GoogleUtilities/Network (~> 7.4)
    - "GoogleUtilities/NSData+zlib (~> 7.4)"
    - nanopb (~> 2.30908.0)
  - GoogleDataTransport (9.3.0):
    - GoogleUtilities/Environment (~> 7.7)
    - nanopb (< 2.30910.0, >= 2.30908.0)
    - PromisesObjC (< 3.0, >= 1.2)
  - GoogleUtilities/AppDelegateSwizzler (7.12.0):
    - GoogleUtilities/Environment
    - GoogleUtilities/Logger
    - GoogleUtilities/Network
  - GoogleUtilities/Environment (7.12.0):
    - PromisesObjC (< 3.0, >= 1.2)
  - GoogleUtilities/Logger (7.12.0):
    - GoogleUtilities/Environment
  - GoogleUtilities/MethodSwizzler (7.12.0):
    - GoogleUtilities/Logger
  - GoogleUtilities/Network (7.12.0):
    - GoogleUtilities/Logger
    - "GoogleUtilities/NSData+zlib"
    - GoogleUtilities/Reachability
  - "GoogleUtilities/NSData+zlib (7.12.0)"
  - GoogleUtilities/Reachability (7.12.0):
    - GoogleUtilities/Logger
  - GoogleUtilities/UserDefaults (7.12.0):
    - GoogleUtilities/Logger
  - "gRPC-C++ (1.28.2)":
    - "gRPC-C++/Implementation (= 1.28.2)"
    - "gRPC-C++/Interface (= 1.28.2)"
  - "gRPC-C++/Implementation (1.28.2)":
    - abseil/container/inlined_vector (= 0.20200225.0)
    - abseil/memory/memory (= 0.20200225.0)
    - abseil/strings/str_format (= 0.20200225.0)
    - abseil/strings/strings (= 0.20200225.0)
    - abseil/types/optional (= 0.20200225.0)
    - "gRPC-C++/Interface (= 1.28.2)"
    - gRPC-Core (= 1.28.2)
  - "gRPC-C++/Interface (1.28.2)"
  - gRPC-Core (1.28.2):
    - gRPC-Core/Implementation (= 1.28.2)
    - gRPC-Core/Interface (= 1.28.2)
  - gRPC-Core/Implementation (1.28.2):
    - abseil/container/inlined_vector (= 0.20200225.0)
    - abseil/memory/memory (= 0.20200225.0)
    - abseil/strings/str_format (= 0.20200225.0)
    - abseil/strings/strings (= 0.20200225.0)
    - abseil/types/optional (= 0.20200225.0)
    - BoringSSL-GRPC (= 0.0.7)
    - gRPC-Core/Interface (= 1.28.2)
  - gRPC-Core/Interface (1.28.2)
  - GTMSessionFetcher/Core (1.7.2)
  - hermes-engine (0.9.0)
  - leveldb-library (1.22.2)
  - libevent (2.1.12)
  - nanopb (2.30908.0):
    - nanopb/decode (= 2.30908.0)
    - nanopb/encode (= 2.30908.0)
  - nanopb/decode (2.30908.0)
  - nanopb/encode (2.30908.0)
  - PromisesObjC (2.3.1)
  - RCT-Folly (2021.06.28.00-v2):
    - boost
    - DoubleConversion
    - fmt (~> 6.2.1)
    - glog
    - RCT-Folly/Default (= 2021.06.28.00-v2)
  - RCT-Folly/Default (2021.06.28.00-v2):
    - boost
    - DoubleConversion
    - fmt (~> 6.2.1)
    - glog
  - RCT-Folly/Futures (2021.06.28.00-v2):
    - boost
    - DoubleConversion
    - fmt (~> 6.2.1)
    - glog
    - libevent
  - RCTRequired (0.66.5)
  - RCTTypeSafety (0.66.5):
    - FBLazyVector (= 0.66.5)
    - RCT-Folly (= 2021.06.28.00-v2)
    - RCTRequired (= 0.66.5)
    - React-Core (= 0.66.5)
  - React (0.66.5):
    - React-Core (= 0.66.5)
    - React-Core/DevSupport (= 0.66.5)
    - React-Core/RCTWebSocket (= 0.66.5)
    - React-RCTActionSheet (= 0.66.5)
    - React-RCTAnimation (= 0.66.5)
    - React-RCTBlob (= 0.66.5)
    - React-RCTImage (= 0.66.5)
    - React-RCTLinking (= 0.66.5)
    - React-RCTNetwork (= 0.66.5)
    - React-RCTSettings (= 0.66.5)
    - React-RCTText (= 0.66.5)
    - React-RCTVibration (= 0.66.5)
  - React-callinvoker (0.66.5)
  - React-Core (0.66.5):
    - glog
    - RCT-Folly (= 2021.06.28.00-v2)
    - React-Core/Default (= 0.66.5)
    - React-cxxreact (= 0.66.5)
    - React-jsi (= 0.66.5)
    - React-jsiexecutor (= 0.66.5)
    - React-perflogger (= 0.66.5)
    - Yoga
  - React-Core/CoreModulesHeaders (0.66.5):
    - glog
    - RCT-Folly (= 2021.06.28.00-v2)
    - React-Core/Default
    - React-cxxreact (= 0.66.5)
    - React-jsi (= 0.66.5)
    - React-jsiexecutor (= 0.66.5)
    - React-perflogger (= 0.66.5)
    - Yoga
  - React-Core/Default (0.66.5):
    - glog
    - RCT-Folly (= 2021.06.28.00-v2)
    - React-cxxreact (= 0.66.5)
    - React-jsi (= 0.66.5)
    - React-jsiexecutor (= 0.66.5)
    - React-perflogger (= 0.66.5)
    - Yoga
  - React-Core/DevSupport (0.66.5):
    - glog
    - RCT-Folly (= 2021.06.28.00-v2)
    - React-Core/Default (= 0.66.5)
    - React-Core/RCTWebSocket (= 0.66.5)
    - React-cxxreact (= 0.66.5)
    - React-jsi (= 0.66.5)
    - React-jsiexecutor (= 0.66.5)
    - React-jsinspector (= 0.66.5)
    - React-perflogger (= 0.66.5)
    - Yoga
  - React-Core/RCTActionSheetHeaders (0.66.5):
    - glog
    - RCT-Folly (= 2021.06.28.00-v2)
    - React-Core/Default
    - React-cxxreact (= 0.66.5)
    - React-jsi (= 0.66.5)
    - React-jsiexecutor (= 0.66.5)
    - React-perflogger (= 0.66.5)
    - Yoga
  - React-Core/RCTAnimationHeaders (0.66.5):
    - glog
    - RCT-Folly (= 2021.06.28.00-v2)
    - React-Core/Default
    - React-cxxreact (= 0.66.5)
    - React-jsi (= 0.66.5)
    - React-jsiexecutor (= 0.66.5)
    - React-perflogger (= 0.66.5)
    - Yoga
  - React-Core/RCTBlobHeaders (0.66.5):
    - glog
    - RCT-Folly (= 2021.06.28.00-v2)
    - React-Core/Default
    - React-cxxreact (= 0.66.5)
    - React-jsi (= 0.66.5)
    - React-jsiexecutor (= 0.66.5)
    - React-perflogger (= 0.66.5)
    - Yoga
  - React-Core/RCTImageHeaders (0.66.5):
    - glog
    - RCT-Folly (= 2021.06.28.00-v2)
    - React-Core/Default
    - React-cxxreact (= 0.66.5)
    - React-jsi (= 0.66.5)
    - React-jsiexecutor (= 0.66.5)
    - React-perflogger (= 0.66.5)
    - Yoga
  - React-Core/RCTLinkingHeaders (0.66.5):
    - glog
    - RCT-Folly (= 2021.06.28.00-v2)
    - React-Core/Default
    - React-cxxreact (= 0.66.5)
    - React-jsi (= 0.66.5)
    - React-jsiexecutor (= 0.66.5)
    - React-perflogger (= 0.66.5)
    - Yoga
  - React-Core/RCTNetworkHeaders (0.66.5):
    - glog
    - RCT-Folly (= 2021.06.28.00-v2)
    - React-Core/Default
    - React-cxxreact (= 0.66.5)
    - React-jsi (= 0.66.5)
    - React-jsiexecutor (= 0.66.5)
    - React-perflogger (= 0.66.5)
    - Yoga
  - React-Core/RCTSettingsHeaders (0.66.5):
    - glog
    - RCT-Folly (= 2021.06.28.00-v2)
    - React-Core/Default
    - React-cxxreact (= 0.66.5)
    - React-jsi (= 0.66.5)
    - React-jsiexecutor (= 0.66.5)
    - React-perflogger (= 0.66.5)
    - Yoga
  - React-Core/RCTTextHeaders (0.66.5):
    - glog
    - RCT-Folly (= 2021.06.28.00-v2)
    - React-Core/Default
    - React-cxxreact (= 0.66.5)
    - React-jsi (= 0.66.5)
    - React-jsiexecutor (= 0.66.5)
    - React-perflogger (= 0.66.5)
    - Yoga
  - React-Core/RCTVibrationHeaders (0.66.5):
    - glog
    - RCT-Folly (= 2021.06.28.00-v2)
    - React-Core/Default
    - React-cxxreact (= 0.66.5)
    - React-jsi (= 0.66.5)
    - React-jsiexecutor (= 0.66.5)
    - React-perflogger (= 0.66.5)
    - Yoga
  - React-Core/RCTWebSocket (0.66.5):
    - glog
    - RCT-Folly (= 2021.06.28.00-v2)
    - React-Core/Default (= 0.66.5)
    - React-cxxreact (= 0.66.5)
    - React-jsi (= 0.66.5)
    - React-jsiexecutor (= 0.66.5)
    - React-perflogger (= 0.66.5)
    - Yoga
  - React-CoreModules (0.66.5):
    - FBReactNativeSpec (= 0.66.5)
    - RCT-Folly (= 2021.06.28.00-v2)
    - RCTTypeSafety (= 0.66.5)
    - React-Core/CoreModulesHeaders (= 0.66.5)
    - React-jsi (= 0.66.5)
    - React-RCTImage (= 0.66.5)
    - ReactCommon/turbomodule/core (= 0.66.5)
  - React-cxxreact (0.66.5):
    - boost (= 1.76.0)
    - DoubleConversion
    - glog
    - RCT-Folly (= 2021.06.28.00-v2)
    - React-callinvoker (= 0.66.5)
    - React-jsi (= 0.66.5)
    - React-jsinspector (= 0.66.5)
    - React-logger (= 0.66.5)
    - React-perflogger (= 0.66.5)
    - React-runtimeexecutor (= 0.66.5)
  - React-hermes (0.66.5):
    - DoubleConversion
    - glog
    - hermes-engine
    - RCT-Folly (= 2021.06.28.00-v2)
    - RCT-Folly/Futures (= 2021.06.28.00-v2)
    - React-cxxreact (= 0.66.5)
    - React-jsi (= 0.66.5)
    - React-jsiexecutor (= 0.66.5)
    - React-jsinspector (= 0.66.5)
    - React-perflogger (= 0.66.5)
  - React-jsi (0.66.5):
    - boost (= 1.76.0)
    - DoubleConversion
    - glog
    - RCT-Folly (= 2021.06.28.00-v2)
    - React-jsi/Default (= 0.66.5)
  - React-jsi/Default (0.66.5):
    - boost (= 1.76.0)
    - DoubleConversion
    - glog
    - RCT-Folly (= 2021.06.28.00-v2)
  - React-jsiexecutor (0.66.5):
    - DoubleConversion
    - glog
    - RCT-Folly (= 2021.06.28.00-v2)
    - React-cxxreact (= 0.66.5)
    - React-jsi (= 0.66.5)
    - React-perflogger (= 0.66.5)
  - React-jsinspector (0.66.5)
  - React-logger (0.66.5):
    - glog
  - react-native-safe-area-context (3.4.1):
    - React-Core
  - react-native-sqlite-storage (4.1.0):
    - React
  - react-native-webview (13.6.3):
    - React-Core
  - React-perflogger (0.66.5)
  - React-RCTActionSheet (0.66.5):
    - React-Core/RCTActionSheetHeaders (= 0.66.5)
  - React-RCTAnimation (0.66.5):
    - FBReactNativeSpec (= 0.66.5)
    - RCT-Folly (= 2021.06.28.00-v2)
    - RCTTypeSafety (= 0.66.5)
    - React-Core/RCTAnimationHeaders (= 0.66.5)
    - React-jsi (= 0.66.5)
    - ReactCommon/turbomodule/core (= 0.66.5)
  - React-RCTBlob (0.66.5):
    - FBReactNativeSpec (= 0.66.5)
    - RCT-Folly (= 2021.06.28.00-v2)
    - React-Core/RCTBlobHeaders (= 0.66.5)
    - React-Core/RCTWebSocket (= 0.66.5)
    - React-jsi (= 0.66.5)
    - React-RCTNetwork (= 0.66.5)
    - ReactCommon/turbomodule/core (= 0.66.5)
  - React-RCTImage (0.66.5):
    - FBReactNativeSpec (= 0.66.5)
    - RCT-Folly (= 2021.06.28.00-v2)
    - RCTTypeSafety (= 0.66.5)
    - React-Core/RCTImageHeaders (= 0.66.5)
    - React-jsi (= 0.66.5)
    - React-RCTNetwork (= 0.66.5)
    - ReactCommon/turbomodule/core (= 0.66.5)
  - React-RCTLinking (0.66.5):
    - FBReactNativeSpec (= 0.66.5)
    - React-Core/RCTLinkingHeaders (= 0.66.5)
    - React-jsi (= 0.66.5)
    - ReactCommon/turbomodule/core (= 0.66.5)
  - React-RCTNetwork (0.66.5):
    - FBReactNativeSpec (= 0.66.5)
    - RCT-Folly (= 2021.06.28.00-v2)
    - RCTTypeSafety (= 0.66.5)
    - React-Core/RCTNetworkHeaders (= 0.66.5)
    - React-jsi (= 0.66.5)
    - ReactCommon/turbomodule/core (= 0.66.5)
  - React-RCTSettings (0.66.5):
    - FBReactNativeSpec (= 0.66.5)
    - RCT-Folly (= 2021.06.28.00-v2)
    - RCTTypeSafety (= 0.66.5)
    - React-Core/RCTSettingsHeaders (= 0.66.5)
    - React-jsi (= 0.66.5)
    - ReactCommon/turbomodule/core (= 0.66.5)
  - React-RCTText (0.66.5):
    - React-Core/RCTTextHeaders (= 0.66.5)
  - React-RCTVibration (0.66.5):
    - FBReactNativeSpec (= 0.66.5)
    - RCT-Folly (= 2021.06.28.00-v2)
    - React-Core/RCTVibrationHeaders (= 0.66.5)
    - React-jsi (= 0.66.5)
    - ReactCommon/turbomodule/core (= 0.66.5)
  - React-runtimeexecutor (0.66.5):
    - React-jsi (= 0.66.5)
  - ReactCommon/turbomodule/core (0.66.5):
    - DoubleConversion
    - glog
    - RCT-Folly (= 2021.06.28.00-v2)
    - React-callinvoker (= 0.66.5)
    - React-Core (= 0.66.5)
    - React-cxxreact (= 0.66.5)
    - React-jsi (= 0.66.5)
    - React-logger (= 0.66.5)
    - React-perflogger (= 0.66.5)
  - ReactNativeShareExtension (2.0.0):
    - React
  - RNBackgroundFetch (2.8.0):
    - React
  - RNCMaskedView (0.1.11):
    - React
  - RNFBApp (12.3.0):
    - Firebase/CoreOnly (= 8.4.0)
    - React-Core
  - RNFBAuth (12.3.0):
    - Firebase/Auth (= 8.4.0)
    - React-Core
    - RNFBApp
  - RNFBDatabase (12.3.0):
    - Firebase/Database (= 8.4.0)
    - React-Core
    - RNFBApp
  - RNFBFirestore (12.3.0):
    - Firebase/Firestore (= 8.4.0)
    - React-Core
    - RNFBApp
  - RNFBFunctions (12.3.0):
    - Firebase/Functions (= 8.4.0)
    - React-Core
    - RNFBApp
  - RNFBStorage (12.3.0):
    - Firebase/Storage (= 8.4.0)
    - React-Core
    - RNFBApp
  - RNGestureHandler (1.10.3):
    - React-Core
  - RNKeychain (4.0.5):
    - React
  - RNScreens (2.18.1):
    - React-Core
  - RNSentry (4.0.2):
    - React-Core
    - Sentry (= 7.18.0)
  - RNSVG (9.13.6):
    - React
  - Sentry (7.18.0):
    - Sentry/Core (= 7.18.0)
  - Sentry/Core (7.18.0)
  - Yoga (1.14.0)

DEPENDENCIES:
  - boost (from `../node_modules/react-native/third-party-podspecs/boost.podspec`)
  - DoubleConversion (from `../node_modules/react-native/third-party-podspecs/DoubleConversion.podspec`)
  - FBLazyVector (from `../node_modules/react-native/Libraries/FBLazyVector`)
  - FBReactNativeSpec (from `../node_modules/react-native/React/FBReactNativeSpec`)
  - Firebase/Auth
  - Firebase/Core
  - Firebase/Database
  - Firebase/Firestore
  - Firebase/Functions
  - Firebase/Storage
  - glog (from `../node_modules/react-native/third-party-podspecs/glog.podspec`)
  - hermes-engine (~> 0.9.0)
  - libevent (~> 2.1.12)
  - RCT-Folly (from `../node_modules/react-native/third-party-podspecs/RCT-Folly.podspec`)
  - RCTRequired (from `../node_modules/react-native/Libraries/RCTRequired`)
  - RCTTypeSafety (from `../node_modules/react-native/Libraries/TypeSafety`)
  - React (from `../node_modules/react-native/`)
  - React-callinvoker (from `../node_modules/react-native/ReactCommon/callinvoker`)
  - React-Core (from `../node_modules/react-native/`)
  - React-Core/DevSupport (from `../node_modules/react-native/`)
  - React-Core/RCTWebSocket (from `../node_modules/react-native/`)
  - React-CoreModules (from `../node_modules/react-native/React/CoreModules`)
  - React-cxxreact (from `../node_modules/react-native/ReactCommon/cxxreact`)
  - React-hermes (from `../node_modules/react-native/ReactCommon/hermes`)
  - React-jsi (from `../node_modules/react-native/ReactCommon/jsi`)
  - React-jsiexecutor (from `../node_modules/react-native/ReactCommon/jsiexecutor`)
  - React-jsinspector (from `../node_modules/react-native/ReactCommon/jsinspector`)
  - React-logger (from `../node_modules/react-native/ReactCommon/logger`)
  - react-native-safe-area-context (from `../node_modules/react-native-safe-area-context`)
  - react-native-sqlite-storage (from `../node_modules/react-native-sqlite-storage`)
  - react-native-webview (from `../node_modules/react-native-webview`)
  - React-perflogger (from `../node_modules/react-native/ReactCommon/reactperflogger`)
  - React-RCTActionSheet (from `../node_modules/react-native/Libraries/ActionSheetIOS`)
  - React-RCTAnimation (from `../node_modules/react-native/Libraries/NativeAnimation`)
  - React-RCTBlob (from `../node_modules/react-native/Libraries/Blob`)
  - React-RCTImage (from `../node_modules/react-native/Libraries/Image`)
  - React-RCTLinking (from `../node_modules/react-native/Libraries/LinkingIOS`)
  - React-RCTNetwork (from `../node_modules/react-native/Libraries/Network`)
  - React-RCTSettings (from `../node_modules/react-native/Libraries/Settings`)
  - React-RCTText (from `../node_modules/react-native/Libraries/Text`)
  - React-RCTVibration (from `../node_modules/react-native/Libraries/Vibration`)
  - React-runtimeexecutor (from `../node_modules/react-native/ReactCommon/runtimeexecutor`)
  - ReactCommon/turbomodule/core (from `../node_modules/react-native/ReactCommon`)
  - ReactNativeShareExtension (from `../node_modules/react-native-share-extension/ReactNativeShareExtension.podspec`)
  - RNBackgroundFetch (from `../node_modules/react-native-background-fetch`)
  - "RNCMaskedView (from `../node_modules/@react-native-community/masked-view`)"
  - "RNFBApp (from `../node_modules/@react-native-firebase/app`)"
  - "RNFBAuth (from `../node_modules/@react-native-firebase/auth`)"
  - "RNFBDatabase (from `../node_modules/@react-native-firebase/database`)"
  - "RNFBFirestore (from `../node_modules/@react-native-firebase/firestore`)"
  - "RNFBFunctions (from `../node_modules/@react-native-firebase/functions`)"
  - "RNFBStorage (from `../node_modules/@react-native-firebase/storage`)"
  - RNGestureHandler (from `../node_modules/react-native-gesture-handler`)
  - RNKeychain (from `../node_modules/react-native-keychain`)
  - RNScreens (from `../node_modules/react-native-screens`)
  - "RNSentry (from `../node_modules/@sentry/react-native`)"
  - RNSVG (from `../node_modules/react-native-svg`)
  - Yoga (from `../node_modules/react-native/ReactCommon/yoga`)

SPEC REPOS:
  trunk:
    - abseil
    - BoringSSL-GRPC
    - Firebase
    - FirebaseAnalytics
    - FirebaseAuth
    - FirebaseCore
    - FirebaseCoreDiagnostics
    - FirebaseDatabase
    - FirebaseFirestore
    - FirebaseFunctions
    - FirebaseInstallations
    - FirebaseStorage
    - fmt
    - GoogleAppMeasurement
    - GoogleDataTransport
    - GoogleUtilities
    - "gRPC-C++"
    - gRPC-Core
    - GTMSessionFetcher
    - hermes-engine
    - leveldb-library
    - libevent
    - nanopb
    - PromisesObjC
    - Sentry

EXTERNAL SOURCES:
  boost:
    :podspec: "../node_modules/react-native/third-party-podspecs/boost.podspec"
  DoubleConversion:
    :podspec: "../node_modules/react-native/third-party-podspecs/DoubleConversion.podspec"
  FBLazyVector:
    :path: "../node_modules/react-native/Libraries/FBLazyVector"
  FBReactNativeSpec:
    :path: "../node_modules/react-native/React/FBReactNativeSpec"
  glog:
    :podspec: "../node_modules/react-native/third-party-podspecs/glog.podspec"
  RCT-Folly:
    :podspec: "../node_modules/react-native/third-party-podspecs/RCT-Folly.podspec"
  RCTRequired:
    :path: "../node_modules/react-native/Libraries/RCTRequired"
  RCTTypeSafety:
    :path: "../node_modules/react-native/Libraries/TypeSafety"
  React:
    :path: "../node_modules/react-native/"
  React-callinvoker:
    :path: "../node_modules/react-native/ReactCommon/callinvoker"
  React-Core:
    :path: "../node_modules/react-native/"
  React-CoreModules:
    :path: "../node_modules/react-native/React/CoreModules"
  React-cxxreact:
    :path: "../node_modules/react-native/ReactCommon/cxxreact"
  React-hermes:
    :path: "../node_modules/react-native/ReactCommon/hermes"
  React-jsi:
    :path: "../node_modules/react-native/ReactCommon/jsi"
  React-jsiexecutor:
    :path: "../node_modules/react-native/ReactCommon/jsiexecutor"
  React-jsinspector:
    :path: "../node_modules/react-native/ReactCommon/jsinspector"
  React-logger:
    :path: "../node_modules/react-native/ReactCommon/logger"
  react-native-safe-area-context:
    :path: "../node_modules/react-native-safe-area-context"
  react-native-sqlite-storage:
    :path: "../node_modules/react-native-sqlite-storage"
  react-native-webview:
    :path: "../node_modules/react-native-webview"
  React-perflogger:
    :path: "../node_modules/react-native/ReactCommon/reactperflogger"
  React-RCTActionSheet:
    :path: "../node_modules/react-native/Libraries/ActionSheetIOS"
  React-RCTAnimation:
    :path: "../node_modules/react-native/Libraries/NativeAnimation"
  React-RCTBlob:
    :path: "../node_modules/react-native/Libraries/Blob"
  React-RCTImage:
    :path: "../node_modules/react-native/Libraries/Image"
  React-RCTLinking:
    :path: "../node_modules/react-native/Libraries/LinkingIOS"
  React-RCTNetwork:
    :path: "../node_modules/react-native/Libraries/Network"
  React-RCTSettings:
    :path: "../node_modules/react-native/Libraries/Settings"
  React-RCTText:
    :path: "../node_modules/react-native/Libraries/Text"
  React-RCTVibration:
    :path: "../node_modules/react-native/Libraries/Vibration"
  React-runtimeexecutor:
    :path: "../node_modules/react-native/ReactCommon/runtimeexecutor"
  ReactCommon:
    :path: "../node_modules/react-native/ReactCommon"
  ReactNativeShareExtension:
    :podspec: "../node_modules/react-native-share-extension/ReactNativeShareExtension.podspec"
  RNBackgroundFetch:
    :path: "../node_modules/react-native-background-fetch"
  RNCMaskedView:
    :path: "../node_modules/@react-native-community/masked-view"
  RNFBApp:
    :path: "../node_modules/@react-native-firebase/app"
  RNFBAuth:
    :path: "../node_modules/@react-native-firebase/auth"
  RNFBDatabase:
    :path: "../node_modules/@react-native-firebase/database"
  RNFBFirestore:
    :path: "../node_modules/@react-native-firebase/firestore"
  RNFBFunctions:
    :path: "../node_modules/@react-native-firebase/functions"
  RNFBStorage:
    :path: "../node_modules/@react-native-firebase/storage"
  RNGestureHandler:
    :path: "../node_modules/react-native-gesture-handler"
  RNKeychain:
    :path: "../node_modules/react-native-keychain"
  RNScreens:
    :path: "../node_modules/react-native-screens"
  RNSentry:
    :path: "../node_modules/@sentry/react-native"
  RNSVG:
    :path: "../node_modules/react-native-svg"
  Yoga:
    :path: "../node_modules/react-native/ReactCommon/yoga"

SPEC CHECKSUMS:
  abseil: 6c8eb7892aefa08d929b39f9bb108e5367e3228f
  boost: a7c83b31436843459a1961bfd74b96033dc77234
  BoringSSL-GRPC: 8edf627ee524575e2f8d19d56f068b448eea3879
  DoubleConversion: 831926d9b8bf8166fd87886c4abab286c2422662
  FBLazyVector: a926a9aaa3596b181972abf0f47eff3dee796222
  FBReactNativeSpec: f1141d5407f4a27c397bca5db03cc03919357b0d
  Firebase: 54cdc8bc9c9b3de54f43dab86e62f5a76b47034f
  FirebaseAnalytics: 4751d6a49598a2b58da678cc07df696bcd809ab9
  FirebaseAuth: 8ef169751d795f20921d425f7b0131cc1c70935c
  FirebaseCore: 31f389c37ac1ea52454a53d3081f2d7019485a4a
  FirebaseCoreDiagnostics: 92e07a649aeb66352b319d43bdd2ee3942af84cb
  FirebaseDatabase: 38f21731dea277e454060d0d39c1bf2aaa12bbb9
  FirebaseFirestore: 99613cefa9102c08da94f584faa5adfaf21f31da
  FirebaseFunctions: b9a82a186d32b88d7c80debcb782f755d6461bf6
  FirebaseInstallations: 40bd9054049b2eae9a2c38ef1c3dd213df3605cd
  FirebaseStorage: e6065bcbf70e2a06a8c3ddc66cbe03a395bbddc4
  fmt: ff9d55029c625d3757ed641535fd4a75fedc7ce9
  glog: 5337263514dd6f09803962437687240c5dc39aa4
  GoogleAppMeasurement: 6b6a08fd9c71f4dbc89e0e812acca81d797aa342
  GoogleDataTransport: 57c22343ab29bc686febbf7cbb13bad167c2d8fe
  GoogleUtilities: 0759d1a57ebb953965c2dfe0ba4c82e95ccc2e34
  "gRPC-C++": 13d8ccef97d5c3c441b7e3c529ef28ebee86fad2
  gRPC-Core: 4afa11bfbedf7cdecd04de535a9e046893404ed5
  GTMSessionFetcher: 5595ec75acf5be50814f81e9189490412bad82ba
  hermes-engine: bf7577d12ac6ccf53ab8b5af3c6ccf0dd8458c5c
  leveldb-library: f03246171cce0484482ec291f88b6d563699ee06
  libevent: 4049cae6c81cdb3654a443be001fb9bdceff7913
  nanopb: a0ba3315591a9ae0a16a309ee504766e90db0c96
  PromisesObjC: c50d2056b5253dadbd6c2bea79b0674bd5a52fa4
  RCT-Folly: a21c126816d8025b547704b777a2ba552f3d9fa9
  RCTRequired: 405e24508a0feed1771d48caebb85c581db53122
  RCTTypeSafety: 0654998ea6afd3dccecbf6bb379d7c10d1361a72
  React: cce3ac45191e66a78c79234582cbfe322e4dfd00
  React-callinvoker: 613b19264ce63cab0a2bbb6546caa24f2ad0a679
  React-Core: fe529d7c1d74b3eb9505fdfc2f4b10f2f2984a85
  React-CoreModules: 71f5d032922a043ab6f9023acda41371a774bf5c
  React-cxxreact: 808c0d39b270860af712848082009d623180999c
  React-hermes: 6d7dfec2394c40780f5db123acf7a4ae2cc01895
  React-jsi: 01b246df3667ad921a33adeb0ce199772afe9e2b
  React-jsiexecutor: 50a73168582868421112609d2fb155e607e34ec8
  React-jsinspector: 953260b8580780a6e81f2a6d319a8d42fd5028d8
  React-logger: fa4ff1e9c7e115648f7c5dafb7c20822ab4f7a7e
  react-native-safe-area-context: 9e40fb181dac02619414ba1294d6c2a807056ab9
  react-native-sqlite-storage: f06bfba10f67f989c00b6a699b9c2b80a816edbe
  react-native-webview: 88293a0f23eca8465c0433c023ec632930e644d0
  React-perflogger: 169fb34f60c5fd793b370002ee9c916eba9bc4ae
  React-RCTActionSheet: 2355539e02ad5cd4b1328682ab046487e1e1e920
  React-RCTAnimation: 150644a38c24d80f1f761859c10c727412303f57
  React-RCTBlob: 66042a0ab4206f112ed453130f2cb8802dd7cd82
  React-RCTImage: 3b954d8398ec4bed26cec10e10d311cb3533818b
  React-RCTLinking: 331d9b8a0702c751c7843ddc65b64297c264adc2
  React-RCTNetwork: 96e10dad824ce112087445199ea734b79791ad14
  React-RCTSettings: 41feb3f5fb3319846ad0ba9e8d339e54b5774b67
  React-RCTText: 254741e11c41516759e93ab0b8c38b90f8998f61
  React-RCTVibration: 96dbefca7504f3e52ff47cd0ad0826d20e3a789f
  React-runtimeexecutor: 09041c28ce04143a113eac2d357a6b06bd64b607
  ReactCommon: 8a7a138ae43c04bb8dd760935589f326ca810484
  ReactNativeShareExtension: d99eb6e4f22233a6a54f3a938e94357f0a8e1462
  RNBackgroundFetch: 8de4251d9c0b47e18b6d78052ade58c68bec6fd5
  RNCMaskedView: 0e1bc4bfa8365eba5fbbb71e07fbdc0555249489
  RNFBApp: 64c90ab78b6010ed5c3ade026dfe5ff6442c21fd
  RNFBAuth: 59fe503707ab7bd2c2790ac5b7a11d4e14b44452
  RNFBDatabase: 06fa955d2435cb012babbf847ca821a287ffd8ae
  RNFBFirestore: 52169edf8775af42dd8c84f14a6ca963316b30d7
  RNFBFunctions: 7c3fa6ccb073ae4975d3fd212acb017ce85c9784
  RNFBStorage: f61af0a8c39c38e828747af586f63d450e99866a
  RNGestureHandler: a479ebd5ed4221a810967000735517df0d2db211
  RNKeychain: 840f8e6f13be0576202aefcdffd26a4f54bfe7b5
  RNScreens: f7ad633b2e0190b77b6a7aab7f914fad6f198d8d
  RNSentry: a0db9b7879436933e78c7a3669e098eeb9c98001
  RNSVG: 8ba35cbeb385a52fd960fd28db9d7d18b4c2974f
  Sentry: aff6fb3785973436f0bf25748f6b3bcb3e825e09
  Yoga: b316a990bb6d115afa1b436b5626ac7c61717d17

PODFILE CHECKSUM: d247dd23e8b6e42ed499f9b415924ba9f2edb678

COCOAPODS: 1.13.0
